
Microsoft Visual Studio Solution File, Format Version 12.00
# Visual Studio Version 16
VisualStudioVersion = 16.0.30002.166
MinimumVisualStudioVersion = 10.0.40219.1
Project("{FAE04EC0-301F-11D3-BF4B-00C04F79EFBC}") = "BlazorSensors", "BlazorSensors\BlazorSensors.csproj", "{CA28BF95-F4B7-484F-A053-16BE61907BEC}"
EndProject
Global
	GlobalSection(SolutionConfigurationPlatforms) = preSolution
		Debug|Any CPU = Debug|Any CPU
		Release|Any CPU = Release|Any CPU
	EndGlobalSection
	GlobalSection(ProjectConfigurationPlatforms) = postSolution
		{CA28BF95-F4B7-484F-A053-16BE61907BEC}.Debug|Any CPU.ActiveCfg = Debug|Any CPU
		{CA28BF95-F4B7-484F-A053-16BE61907BEC}.Debug|Any CPU.Build.0 = Debug|Any CPU
		{CA28BF95-F4B7-484F-A053-16BE61907BEC}.Release|Any CPU.ActiveCfg = Release|Any CPU
		{CA28BF95-F4B7-484F-A053-16BE61907BEC}.Release|Any CPU.Build.0 = Release|Any CPU
	EndGlobalSection
	GlobalSection(SolutionProperties) = preSolution
		HideSolutionNode = FALSE
	EndGlobalSection
	GlobalSection(ExtensibilityGlobals) = postSolution
		SolutionGuid = {BA782761-4D26-429E-8D24-AB44C84FCC11}
	EndGlobalSection
EndGlobal
